
Microsoft Visual Studio Solution File, Format Version 12.00
# Visual Studio Version 17
VisualStudioVersion = 17.4.33110.190
MinimumVisualStudioVersion = 10.0.40219.1
Project("{2150E333-8FDC-42A3-9474-1A3956D46DE8}") = "Core", "Core", "{45BF37A5-A98F-40C9-A990-79F051A3057B}"
	ProjectSection(SolutionItems) = preProject
		src\Core\Directory.Build.props = src\Core\Directory.Build.props
		src\Core\README.md = src\Core\README.md
	EndProjectSection
EndProject
Project("{2150E333-8FDC-42A3-9474-1A3956D46DE8}") = "Common", "Common", "{4BF53A8A-B344-4C1A-AE24-1FC41E2188E9}"
	ProjectSection(SolutionItems) = preProject
		src\Core\Common\README.md = src\Core\Common\README.md
	EndProjectSection
EndProject
Project("{2150E333-8FDC-42A3-9474-1A3956D46DE8}") = "Infrastructure", "Infrastructure", "{FA933B2A-DC9F-44A0-94C7-C5D2D49C550B}"
EndProject
Project("{2150E333-8FDC-42A3-9474-1A3956D46DE8}") = "Application", "Application", "{AA983AFF-9CBC-4F2A-98E3-3CACA5039C61}"
	ProjectSection(SolutionItems) = preProject
		src\Core\Application\README.md = src\Core\Application\README.md
	EndProjectSection
EndProject
Project("{2150E333-8FDC-42A3-9474-1A3956D46DE8}") = "Domain", "Domain", "{5A9735A3-CEE9-4E50-B2FD-54F0BF402002}"
	ProjectSection(SolutionItems) = preProject
		src\Core\Domain\README.md = src\Core\Domain\README.md
	EndProjectSection
EndProject
Project("{9A19103F-16F7-4668-BE54-9A1E7A4F7556}") = "Hexalith.Extensions", "src\Core\Common\Hexalith.Extensions\Hexalith.Extensions.csproj", "{1959557F-5EAF-4B1E-BF3F-313AC68EFA49}"
EndProject
Project("{2150E333-8FDC-42A3-9474-1A3956D46DE8}") = "_Global", "_Global", "{2A055449-2696-4BE3-B3A6-C206C0E2B43B}"
	ProjectSection(SolutionItems) = preProject
		.gitignore = .gitignore
		.readthedocs.yaml = .readthedocs.yaml
		.stylecop.json = .stylecop.json
		.stylecop.ruleset = .stylecop.ruleset
		CODE-OF-CONDUCT.md = CODE-OF-CONDUCT.md
		Directory.Build.props = Directory.Build.props
		flush_redis.bat = flush_redis.bat
		LICENSE.txt = LICENSE.txt
		mkdocs.yml = mkdocs.yml
		README.md = README.md
	EndProjectSection
EndProject
Project("{2150E333-8FDC-42A3-9474-1A3956D46DE8}") = "tests", "tests", "{3BE1D646-272F-4F96-931E-D1BA781583B4}"
	ProjectSection(SolutionItems) = preProject
		test\Directory.Build.props = test\Directory.Build.props
	EndProjectSection
EndProject
Project("{2150E333-8FDC-42A3-9474-1A3956D46DE8}") = "src", "src", "{D2DA3040-462E-4E0E-9CFE-3EA95FA3D014}"
	ProjectSection(SolutionItems) = preProject
		src\Directory.Build.props = src\Directory.Build.props
		src\README.md = src\README.md
	EndProjectSection
EndProject
Project("{9A19103F-16F7-4668-BE54-9A1E7A4F7556}") = "Hexalith.Infrastructure.Security.Abstractions", "src\Core\Infrastructure\Hexalith.Infrastructure.Security.Abstractions\Hexalith.Infrastructure.Security.Abstractions.csproj", "{43CC200E-FEBE-44E0-B278-604872254DAA}"
EndProject
Project("{9A19103F-16F7-4668-BE54-9A1E7A4F7556}") = "Hexalith.Infrastructure.AzureActiveDirectory", "src\Core\Infrastructure\Hexalith.Infrastructure.AzureActiveDirectory\Hexalith.Infrastructure.AzureActiveDirectory.csproj", "{E6204AB7-62EC-41C2-9DEC-7727D3B87B08}"
EndProject
Project("{9A19103F-16F7-4668-BE54-9A1E7A4F7556}") = "Hexalith.TestMocks", "src\Core\Common\Hexalith.TestMocks\Hexalith.TestMocks.csproj", "{BE07B798-CBB1-4DA7-B80D-7628F1E67894}"
EndProject
Project("{2150E333-8FDC-42A3-9474-1A3956D46DE8}") = "docs", "docs", "{CC7DC9FC-8CA1-4145-909F-6702A1D2FB08}"
EndProject
Project("{2150E333-8FDC-42A3-9474-1A3956D46DE8}") = "build", "build", "{FC1CDC0D-CB64-4639-AE5B-3944F558AB4E}"
	ProjectSection(SolutionItems) = preProject
		src\Hexalith.Build\Dependencies.props = src\Hexalith.Build\Dependencies.props
		Directory.Build.props = Directory.Build.props
		.github\workflows\hexalith-server-dynamics365finance.yml = .github\workflows\hexalith-server-dynamics365finance.yml
		.github\workflows\preview_ci.yml = .github\workflows\preview_ci.yml
		src\Hexalith.Build\Project.Common.props = src\Hexalith.Build\Project.Common.props
		.github\workflows\release_ci.yml = .github\workflows\release_ci.yml
		.github\workflows\semgrep.yml = .github\workflows\semgrep.yml
		.github\workflows\sonarqube.yml = .github\workflows\sonarqube.yml
	EndProjectSection
EndProject
Project("{9A19103F-16F7-4668-BE54-9A1E7A4F7556}") = "Hexalith.Docs", "docs\Hexalith.Docs.csproj", "{2F42F417-7296-4791-8582-E824732A803F}"
EndProject
Project("{9A19103F-16F7-4668-BE54-9A1E7A4F7556}") = "Hexalith.Application", "src\Core\Application\Hexalith.Application\Hexalith.Application.csproj", "{735CE2B7-2572-4E3F-8B57-C55F9A69448E}"
EndProject
Project("{9A19103F-16F7-4668-BE54-9A1E7A4F7556}") = "Hexalith.Application.Abstractions", "src\Core\Application\Hexalith.Application.Abstractions\Hexalith.Application.Abstractions.csproj", "{155E85F0-978B-4916-AB3C-741266DE7BE3}"
EndProject
Project("{9A19103F-16F7-4668-BE54-9A1E7A4F7556}") = "Hexalith.Domain.Abstractions", "src\Core\Domain\Hexalith.Domain.Abstractions\Hexalith.Domain.Abstractions.csproj", "{8CE66AE1-932A-4E2C-B8E5-4FA627ACA2D7}"
EndProject
Project("{2150E333-8FDC-42A3-9474-1A3956D46DE8}") = "Solution Items", "Solution Items", "{30C988C1-4F6B-44DF-994F-92ADBD42E143}"
	ProjectSection(SolutionItems) = preProject
		.editorconfig = .editorconfig
	EndProjectSection
EndProject
Project("{9A19103F-16F7-4668-BE54-9A1E7A4F7556}") = "Hexalith.Infrastructure.Serialization", "src\Core\Infrastructure\Hexalith.Infrastructure.Serialization\Hexalith.Infrastructure.Serialization.csproj", "{B207766E-3CE0-4DF5-B33B-367C9E8AF4EB}"
EndProject
Project("{9A19103F-16F7-4668-BE54-9A1E7A4F7556}") = "Hexalith.UnitTests", "test\Hexalith.UnitTests\Hexalith.UnitTests.csproj", "{F0F792F3-8FB6-478F-AA87-CE238038269F}"
EndProject
Project("{9A19103F-16F7-4668-BE54-9A1E7A4F7556}") = "Hexalith.IntegrationTests", "test\Hexalith.IntegrationTests\Hexalith.IntegrationTests.csproj", "{B6ECE592-7035-4CFD-86A1-152C2ADE0416}"
EndProject
Project("{9A19103F-16F7-4668-BE54-9A1E7A4F7556}") = "Hexalith.Infrastructure.WebApis", "src\Core\Infrastructure\Hexalith.Infrastructure.WebApis\Hexalith.Infrastructure.WebApis.csproj", "{00897BC6-2258-41E6-9246-B9EDB67A225B}"
EndProject
Project("{9A19103F-16F7-4668-BE54-9A1E7A4F7556}") = "Hexalith.Infrastructure.DaprRuntime", "src\Core\Infrastructure\Hexalith.Infrastructure.DaprRuntime\Hexalith.Infrastructure.DaprRuntime.csproj", "{F92430D4-DCA2-4FDC-B902-FA053BCB8037}"
EndProject
Project("{2150E333-8FDC-42A3-9474-1A3956D46DE8}") = "Deploy", "Deploy", "{39624851-E5EB-4607-9D0C-0A9BC8CC24FA}"
EndProject
Project("{9A19103F-16F7-4668-BE54-9A1E7A4F7556}") = "Hexalith.Infrastructure.AzureCloud", "src\Core\Infrastructure\Hexalith.Infrastructure.AzureCloud\Hexalith.Infrastructure.AzureCloud.csproj", "{0F0CB39E-4E90-4999-9CE3-21C0371915E4}"
EndProject
Project("{9A19103F-16F7-4668-BE54-9A1E7A4F7556}") = "Hexalith.Application.TopologicalSorting", "src\Core\Application\Hexalith.Application.TopologicalSorting\Hexalith.Application.TopologicalSorting.csproj", "{43D88290-657A-4D99-BB58-BA5B60B13630}"
EndProject
Project("{9A19103F-16F7-4668-BE54-9A1E7A4F7556}") = "DeployACA", "src\Deploy\ContainerApps\DeployACA.csproj", "{E6211DF5-DE13-4235-AA5C-C950A6242ECA}"
EndProject
Project("{9A19103F-16F7-4668-BE54-9A1E7A4F7556}") = "DeployLCS", "src\Deploy\LCS\DeployLCS.csproj", "{8A51A9AB-9FF9-49B3-8888-0431C20E5547}"
EndProject
Project("{9A19103F-16F7-4668-BE54-9A1E7A4F7556}") = "Hexalith.Infrastructure.TeamsBot", "src\Core\Infrastructure\Hexalith.Infrastructure.TeamsBot\Hexalith.Infrastructure.TeamsBot.csproj", "{4CB3A741-2FED-491A-AA0D-01F2F2577389}"
EndProject
Project("{9A19103F-16F7-4668-BE54-9A1E7A4F7556}") = "Hexalith.Domain.ConversationThreads", "src\Core\Domain\Hexalith.Domain.ConversationThreads\Hexalith.Domain.ConversationThreads.csproj", "{E2751BF1-0B07-4CF2-B19C-FBA0C0FB0FB9}"
EndProject
Project("{9A19103F-16F7-4668-BE54-9A1E7A4F7556}") = "Hexalith.Domain.UserConversationProfiles", "src\Core\Domain\Hexalith.Domain.UserConversations\Hexalith.Domain.UserConversationProfiles.csproj", "{2F11D0F4-35B2-45D7-8966-DF5248DB82D4}"
EndProject
Project("{9A19103F-16F7-4668-BE54-9A1E7A4F7556}") = "Hexalith.Application.ConversationThreads", "src\Core\Application\Hexalith.Application.ConversationThreads\Hexalith.Application.ConversationThreads.csproj", "{C29D4822-A879-49FA-9025-880D716782FF}"
EndProject
Project("{9A19103F-16F7-4668-BE54-9A1E7A4F7556}") = "Hexalith.Infrastructure.AzureDevOps", "src\Core\Infrastructure\Hexalith.Infrastructure.AzureDevOps\Hexalith.Infrastructure.AzureDevOps.csproj", "{AABC96A7-2B2C-4F92-A4CC-D76596DCF0D6}"
EndProject
Project("{9A19103F-16F7-4668-BE54-9A1E7A4F7556}") = "Hexalith.Domain.Parties", "src\Core\Domain\Hexalith.Domain.Parties\Hexalith.Domain.Parties.csproj", "{162206B2-5BC9-429B-9541-58C76E87CE0F}"
EndProject
Project("{9A19103F-16F7-4668-BE54-9A1E7A4F7556}") = "Hexalith.Domain.ExternalSystems", "src\Core\Domain\Hexalith.Domain.ExternalSystems\Hexalith.Domain.ExternalSystems.csproj", "{96BF047A-FF3C-410B-B98A-69C143446908}"
EndProject
Project("{9A19103F-16F7-4668-BE54-9A1E7A4F7556}") = "Hexalith.Application.Parties", "src\Core\Application\Hexalith.Application.Parties\Hexalith.Application.Parties.csproj", "{370F3C51-4C98-4A2E-BCBE-6DD63DFC3FD7}"
EndProject
Project("{9A19103F-16F7-4668-BE54-9A1E7A4F7556}") = "Hexalith.Application.ExternalSystems", "src\Core\Application\Hexalith.Application.ExternalSystems\Hexalith.Application.ExternalSystems.csproj", "{385AE393-5FF3-4254-8B19-82D809599B8C}"
EndProject
Project("{9A19103F-16F7-4668-BE54-9A1E7A4F7556}") = "Hexalith.Domain.Inventories", "src\Core\Domain\Hexalith.Domain.Inventories\Hexalith.Domain.Inventories.csproj", "{862601BD-765D-4CB1-AD33-DF9034B4FBEE}"
EndProject
Project("{9A19103F-16F7-4668-BE54-9A1E7A4F7556}") = "Hexalith.Application.Inventories", "src\Core\Application\Hexalith.Application.Inventories\Hexalith.Application.Inventories.csproj", "{F554ED37-8A49-4604-8C76-FBAC60F24B54}"
EndProject
Project("{9A19103F-16F7-4668-BE54-9A1E7A4F7556}") = "Hexalith.Infrastructure.DaprRuntime.Inventories", "src\Core\Infrastructure\Hexalith.Infrastructure.DaprRuntime.Inventories\Hexalith.Infrastructure.DaprRuntime.Inventories.csproj", "{6A4BAE0F-C552-480E-B56D-8C5E799F9BFF}"
EndProject
Project("{9A19103F-16F7-4668-BE54-9A1E7A4F7556}") = "Hexalith.Infrastructure.Dynamics365Finance.Parties", "src\Core\Infrastructure\Hexalith.Infrastructure.Dynamics365Finance.Parties\Hexalith.Infrastructure.Dynamics365Finance.Parties.csproj", "{4A5C52FF-2C9B-47CA-91A7-907722F5204F}"
EndProject
Project("{9A19103F-16F7-4668-BE54-9A1E7A4F7556}") = "Hexalith.Infrastructure.Dynamics365Finance", "src\Core\Infrastructure\Hexalith.Infrastructure.Dynamics365Finance\Hexalith.Infrastructure.Dynamics365Finance.csproj", "{86A5D369-AA6A-47E5-9B03-2563C56A1E38}"
EndProject
Project("{9A19103F-16F7-4668-BE54-9A1E7A4F7556}") = "Hexalith.Infrastructure.Dynamics365Finance.Inventories", "src\Core\Infrastructure\Hexalith.Infrastructure.Dynamics365Finance.Inventories\Hexalith.Infrastructure.Dynamics365Finance.Inventories.csproj", "{3FF67031-E91A-499C-9EDD-7E29FCBFD065}"
EndProject
Project("{9A19103F-16F7-4668-BE54-9A1E7A4F7556}") = "Hexalith.Infrastructure.Dynamics365Finance.TestMocks", "src\Core\Infrastructure\Hexalith.Infrastructure.Dynamics365Finance.TestMocks\Hexalith.Infrastructure.Dynamics365Finance.TestMocks.csproj", "{904F3D56-5426-478A-B0BC-31E153427281}"
EndProject
Project("{9A19103F-16F7-4668-BE54-9A1E7A4F7556}") = "Hexalith.Infrastructure.DaprRuntime.Parties", "src\Core\Infrastructure\Hexalith.Infrastructure.DaprRuntime.Parties\Hexalith.Infrastructure.DaprRuntime.Parties.csproj", "{E884242F-A1B4-42E9-8D83-FF67B8E08B64}"
EndProject
Project("{2150E333-8FDC-42A3-9474-1A3956D46DE8}") = "Servers", "Servers", "{7BB19707-E9C5-4FF6-B4D9-8464CF328CC0}"
	ProjectSection(SolutionItems) = preProject
		src\Servers\Directory.Build.props = src\Servers\Directory.Build.props
		src\Servers\publish_containers.ps1 = src\Servers\publish_containers.ps1
	EndProjectSection
EndProject
Project("{9A19103F-16F7-4668-BE54-9A1E7A4F7556}") = "Hexalith.Server.Parties", "src\Servers\Hexalith.Server.Parties\Hexalith.Server.Parties.csproj", "{3FE91BFF-8B47-42F8-93CB-87F562285322}"
EndProject
Project("{9A19103F-16F7-4668-BE54-9A1E7A4F7556}") = "Hexalith.Server.ExternalSystems", "src\Servers\Hexalith.Server.ExternalSystems\Hexalith.Server.ExternalSystems.csproj", "{BC85135F-B8EA-406F-BB97-A1AE496EADE7}"
EndProject
Project("{9A19103F-16F7-4668-BE54-9A1E7A4F7556}") = "Hexalith.Server.FrontApi", "src\Servers\Hexalith.Server.FrontApi\Hexalith.Server.FrontApi.csproj", "{49C42FF1-055B-4D02-B4DB-2AB65633F27A}"
EndProject
Project("{9A19103F-16F7-4668-BE54-9A1E7A4F7556}") = "Hexalith.Application.Organizations", "src\Core\Application\Hexalith.Application.Organizations\Hexalith.Application.Organizations.csproj", "{4BFB8526-A11F-4946-9905-7F00EECEF7FF}"
EndProject
Project("{9A19103F-16F7-4668-BE54-9A1E7A4F7556}") = "Hexalith.Domain.Organizations", "src\Core\Domain\Hexalith.Domain.Organizations\Hexalith.Domain.Organizations.csproj", "{71564D94-DA05-4FCA-985F-E5574EFF2723}"
EndProject
Project("{2150E333-8FDC-42A3-9474-1A3956D46DE8}") = "Clients", "Clients", "{1ED57683-8967-462C-A901-F121DCAD4DC1}"
EndProject
Project("{9A19103F-16F7-4668-BE54-9A1E7A4F7556}") = "Hexalith.Server.Dynamics365Finance", "src\Servers\Hexalith.Server.Dynamics365Finance\Hexalith.Server.Dynamics365Finance.csproj", "{744C91DA-97BE-4C23-9C86-61A559E52ABE}"
EndProject
Project("{9A19103F-16F7-4668-BE54-9A1E7A4F7556}") = "Hexalith.Infrastructure.DaprRuntime.Parties.Abstractions", "src\Core\Infrastructure\Hexalith.Infrastructure.DaprRuntime.Parties.Abstractions\Hexalith.Infrastructure.DaprRuntime.Parties.Abstractions.csproj", "{53512DC6-992E-4ABA-9D6D-AAF359BBB319}"
EndProject
Project("{9A19103F-16F7-4668-BE54-9A1E7A4F7556}") = "Hexalith.Infrastructure.DaprRuntime.Inventories.Abstractions", "src\Core\Infrastructure\Hexalith.Infrastructure.DaprRuntime.Inventories.Abstractions\Hexalith.Infrastructure.DaprRuntime.Inventories.Abstractions.csproj", "{275EC7FD-558A-4920-95E8-EF04AE313C5F}"
EndProject
Project("{9A19103F-16F7-4668-BE54-9A1E7A4F7556}") = "Hexalith.Infrastructure.DaprRuntime.ExternalSystems.Aggregates", "src\Core\Infrastructure\Hexalith.Infrastructure.DaprRuntime.ExternalSystems.Aggregates\Hexalith.Infrastructure.DaprRuntime.ExternalSystems.Aggregates.csproj", "{831B3337-84AD-4AB0-9312-38444AAF17B0}"
EndProject
Project("{9A19103F-16F7-4668-BE54-9A1E7A4F7556}") = "Hexalith.Infrastructure.DaprRuntime.ExternalSystems.Projections", "src\Core\Infrastructure\Hexalith.Infrastructure.DaprRuntime.ExternalSystems.Projections\Hexalith.Infrastructure.DaprRuntime.ExternalSystems.Projections.csproj", "{FACEC4B4-B685-4853-98CA-F38587A025C0}"
EndProject
Project("{9A19103F-16F7-4668-BE54-9A1E7A4F7556}") = "Hexalith.Infrastructure.WebApis.ExternalSystemsEvents", "src\Core\Infrastructure\Hexalith.Infrastructure.WebApis.ExternalSystemsEvents\Hexalith.Infrastructure.WebApis.ExternalSystemsEvents.csproj", "{EB1E9B5C-4A1E-48F7-BE49-0C1D8E2CE84C}"
EndProject
Project("{9A19103F-16F7-4668-BE54-9A1E7A4F7556}") = "Hexalith.Infrastructure.WebApis.ExternalSystemsCommands", "src\Core\Infrastructure\Hexalith.Infrastructure.WebApis.ExternalSystemsCommands\Hexalith.Infrastructure.WebApis.ExternalSystemsCommands.csproj", "{8F54C23E-1ADE-43A6-A347-EEAD5624C98E}"
EndProject
Project("{9A19103F-16F7-4668-BE54-9A1E7A4F7556}") = "Hexalith.Infrastructure.WebApis.PartiesCommands", "src\Core\Infrastructure\Hexalith.Infrastructure.WebApis.PartiesCommands\Hexalith.Infrastructure.WebApis.PartiesCommands.csproj", "{C215A734-6153-4164-9819-527E4531A0AD}"
EndProject
Project("{9A19103F-16F7-4668-BE54-9A1E7A4F7556}") = "Hexalith.Infrastructure.WebApis.PartiesEvents", "src\Core\Infrastructure\Hexalith.Infrastructure.WebApis.PartiesEvents\Hexalith.Infrastructure.WebApis.PartiesEvents.csproj", "{D3042300-76C8-4600-B0B4-8781BAD97D9F}"
EndProject
Project("{9A19103F-16F7-4668-BE54-9A1E7A4F7556}") = "HexalithApp", "src\Clients\HexalithApp\HexalithApp.csproj", "{D10B46B4-6703-4C16-8510-10F9A094D9DE}"
EndProject
Project("{9A19103F-16F7-4668-BE54-9A1E7A4F7556}") = "Hexalith.UI.ApplicationLayout", "src\Core\UI\Hexalith.UI.ApplicationLayout\Hexalith.UI.ApplicationLayout.csproj", "{29551DAF-21B8-4C4D-A765-4F75D1758CB9}"
EndProject
Project("{2150E333-8FDC-42A3-9474-1A3956D46DE8}") = "UI", "UI", "{3D11F14C-AF25-4D09-8182-568B18EB78FC}"
	ProjectSection(SolutionItems) = preProject
		src\Core\UI\Directory.Build.props = src\Core\UI\Directory.Build.props
	EndProjectSection
EndProject
Project("{9A19103F-16F7-4668-BE54-9A1E7A4F7556}") = "Hexalith.Domain.Surveys", "src\Core\Domain\Hexalith.Domain.Surveys\Hexalith.Domain.Surveys.csproj", "{398AB413-51AA-4973-A5D5-DD584C4F4B6C}"
EndProject
Project("{9A19103F-16F7-4668-BE54-9A1E7A4F7556}") = "Hexalith.Infrastructure.Dynamics365Finance.Retail", "src\Core\Infrastructure\Hexalith.Infrastructure.Dynamics365Finance.Retail\Hexalith.Infrastructure.Dynamics365Finance.Retail.csproj", "{6144DE5D-1B74-499A-BE64-CE852630E2AE}"
EndProject
Project("{9A19103F-16F7-4668-BE54-9A1E7A4F7556}") = "Hexalith.Server.Sales", "src\Servers\Hexalith.Server.Sales\Hexalith.Server.Sales.csproj", "{0EF05458-B4A7-435B-A429-100E7A42342E}"
EndProject
Project("{9A19103F-16F7-4668-BE54-9A1E7A4F7556}") = "Hexalith.Domain.Sales", "src\Core\Domain\Hexalith.Domain.Sales\Hexalith.Domain.Sales.csproj", "{62256D12-8E56-44F9-AE0E-5D6B410E0A31}"
EndProject
Project("{9A19103F-16F7-4668-BE54-9A1E7A4F7556}") = "Hexalith.Application.Sales", "src\Core\Application\Hexalith.Application.Sales\Hexalith.Application.Sales.csproj", "{87DFC7EB-A3C8-4A35-B752-ACA3639B9917}"
EndProject
Global
	GlobalSection(SolutionConfigurationPlatforms) = preSolution
		Debug|Any CPU = Debug|Any CPU
		Release|Any CPU = Release|Any CPU
	EndGlobalSection
	GlobalSection(ProjectConfigurationPlatforms) = postSolution
		{1959557F-5EAF-4B1E-BF3F-313AC68EFA49}.Debug|Any CPU.ActiveCfg = Debug|Any CPU
		{1959557F-5EAF-4B1E-BF3F-313AC68EFA49}.Debug|Any CPU.Build.0 = Debug|Any CPU
		{1959557F-5EAF-4B1E-BF3F-313AC68EFA49}.Release|Any CPU.ActiveCfg = Release|Any CPU
		{1959557F-5EAF-4B1E-BF3F-313AC68EFA49}.Release|Any CPU.Build.0 = Release|Any CPU
		{43CC200E-FEBE-44E0-B278-604872254DAA}.Debug|Any CPU.ActiveCfg = Debug|Any CPU
		{43CC200E-FEBE-44E0-B278-604872254DAA}.Debug|Any CPU.Build.0 = Debug|Any CPU
		{43CC200E-FEBE-44E0-B278-604872254DAA}.Release|Any CPU.ActiveCfg = Release|Any CPU
		{43CC200E-FEBE-44E0-B278-604872254DAA}.Release|Any CPU.Build.0 = Release|Any CPU
		{E6204AB7-62EC-41C2-9DEC-7727D3B87B08}.Debug|Any CPU.ActiveCfg = Debug|Any CPU
		{E6204AB7-62EC-41C2-9DEC-7727D3B87B08}.Debug|Any CPU.Build.0 = Debug|Any CPU
		{E6204AB7-62EC-41C2-9DEC-7727D3B87B08}.Release|Any CPU.ActiveCfg = Release|Any CPU
		{E6204AB7-62EC-41C2-9DEC-7727D3B87B08}.Release|Any CPU.Build.0 = Release|Any CPU
		{BE07B798-CBB1-4DA7-B80D-7628F1E67894}.Debug|Any CPU.ActiveCfg = Debug|Any CPU
		{BE07B798-CBB1-4DA7-B80D-7628F1E67894}.Debug|Any CPU.Build.0 = Debug|Any CPU
		{BE07B798-CBB1-4DA7-B80D-7628F1E67894}.Release|Any CPU.ActiveCfg = Release|Any CPU
		{BE07B798-CBB1-4DA7-B80D-7628F1E67894}.Release|Any CPU.Build.0 = Release|Any CPU
		{2F42F417-7296-4791-8582-E824732A803F}.Debug|Any CPU.ActiveCfg = Debug|Any CPU
		{2F42F417-7296-4791-8582-E824732A803F}.Debug|Any CPU.Build.0 = Debug|Any CPU
		{2F42F417-7296-4791-8582-E824732A803F}.Release|Any CPU.ActiveCfg = Release|Any CPU
		{2F42F417-7296-4791-8582-E824732A803F}.Release|Any CPU.Build.0 = Release|Any CPU
		{735CE2B7-2572-4E3F-8B57-C55F9A69448E}.Debug|Any CPU.ActiveCfg = Debug|Any CPU
		{735CE2B7-2572-4E3F-8B57-C55F9A69448E}.Debug|Any CPU.Build.0 = Debug|Any CPU
		{735CE2B7-2572-4E3F-8B57-C55F9A69448E}.Release|Any CPU.ActiveCfg = Release|Any CPU
		{735CE2B7-2572-4E3F-8B57-C55F9A69448E}.Release|Any CPU.Build.0 = Release|Any CPU
		{155E85F0-978B-4916-AB3C-741266DE7BE3}.Debug|Any CPU.ActiveCfg = Debug|Any CPU
		{155E85F0-978B-4916-AB3C-741266DE7BE3}.Debug|Any CPU.Build.0 = Debug|Any CPU
		{155E85F0-978B-4916-AB3C-741266DE7BE3}.Release|Any CPU.ActiveCfg = Release|Any CPU
		{155E85F0-978B-4916-AB3C-741266DE7BE3}.Release|Any CPU.Build.0 = Release|Any CPU
		{8CE66AE1-932A-4E2C-B8E5-4FA627ACA2D7}.Debug|Any CPU.ActiveCfg = Debug|Any CPU
		{8CE66AE1-932A-4E2C-B8E5-4FA627ACA2D7}.Debug|Any CPU.Build.0 = Debug|Any CPU
		{8CE66AE1-932A-4E2C-B8E5-4FA627ACA2D7}.Release|Any CPU.ActiveCfg = Release|Any CPU
		{8CE66AE1-932A-4E2C-B8E5-4FA627ACA2D7}.Release|Any CPU.Build.0 = Release|Any CPU
		{B207766E-3CE0-4DF5-B33B-367C9E8AF4EB}.Debug|Any CPU.ActiveCfg = Debug|Any CPU
		{B207766E-3CE0-4DF5-B33B-367C9E8AF4EB}.Debug|Any CPU.Build.0 = Debug|Any CPU
		{B207766E-3CE0-4DF5-B33B-367C9E8AF4EB}.Release|Any CPU.ActiveCfg = Release|Any CPU
		{B207766E-3CE0-4DF5-B33B-367C9E8AF4EB}.Release|Any CPU.Build.0 = Release|Any CPU
		{F0F792F3-8FB6-478F-AA87-CE238038269F}.Debug|Any CPU.ActiveCfg = Debug|Any CPU
		{F0F792F3-8FB6-478F-AA87-CE238038269F}.Debug|Any CPU.Build.0 = Debug|Any CPU
		{F0F792F3-8FB6-478F-AA87-CE238038269F}.Release|Any CPU.ActiveCfg = Release|Any CPU
		{F0F792F3-8FB6-478F-AA87-CE238038269F}.Release|Any CPU.Build.0 = Release|Any CPU
		{B6ECE592-7035-4CFD-86A1-152C2ADE0416}.Debug|Any CPU.ActiveCfg = Debug|Any CPU
		{B6ECE592-7035-4CFD-86A1-152C2ADE0416}.Debug|Any CPU.Build.0 = Debug|Any CPU
		{B6ECE592-7035-4CFD-86A1-152C2ADE0416}.Release|Any CPU.ActiveCfg = Release|Any CPU
		{B6ECE592-7035-4CFD-86A1-152C2ADE0416}.Release|Any CPU.Build.0 = Release|Any CPU
		{00897BC6-2258-41E6-9246-B9EDB67A225B}.Debug|Any CPU.ActiveCfg = Debug|Any CPU
		{00897BC6-2258-41E6-9246-B9EDB67A225B}.Debug|Any CPU.Build.0 = Debug|Any CPU
		{00897BC6-2258-41E6-9246-B9EDB67A225B}.Release|Any CPU.ActiveCfg = Release|Any CPU
		{00897BC6-2258-41E6-9246-B9EDB67A225B}.Release|Any CPU.Build.0 = Release|Any CPU
		{F92430D4-DCA2-4FDC-B902-FA053BCB8037}.Debug|Any CPU.ActiveCfg = Debug|Any CPU
		{F92430D4-DCA2-4FDC-B902-FA053BCB8037}.Debug|Any CPU.Build.0 = Debug|Any CPU
		{F92430D4-DCA2-4FDC-B902-FA053BCB8037}.Release|Any CPU.ActiveCfg = Release|Any CPU
		{F92430D4-DCA2-4FDC-B902-FA053BCB8037}.Release|Any CPU.Build.0 = Release|Any CPU
		{0F0CB39E-4E90-4999-9CE3-21C0371915E4}.Debug|Any CPU.ActiveCfg = Debug|Any CPU
		{0F0CB39E-4E90-4999-9CE3-21C0371915E4}.Debug|Any CPU.Build.0 = Debug|Any CPU
		{0F0CB39E-4E90-4999-9CE3-21C0371915E4}.Release|Any CPU.ActiveCfg = Release|Any CPU
		{0F0CB39E-4E90-4999-9CE3-21C0371915E4}.Release|Any CPU.Build.0 = Release|Any CPU
		{43D88290-657A-4D99-BB58-BA5B60B13630}.Debug|Any CPU.ActiveCfg = Debug|Any CPU
		{43D88290-657A-4D99-BB58-BA5B60B13630}.Debug|Any CPU.Build.0 = Debug|Any CPU
		{43D88290-657A-4D99-BB58-BA5B60B13630}.Release|Any CPU.ActiveCfg = Release|Any CPU
		{43D88290-657A-4D99-BB58-BA5B60B13630}.Release|Any CPU.Build.0 = Release|Any CPU
		{E6211DF5-DE13-4235-AA5C-C950A6242ECA}.Debug|Any CPU.ActiveCfg = Debug|Any CPU
		{E6211DF5-DE13-4235-AA5C-C950A6242ECA}.Debug|Any CPU.Build.0 = Debug|Any CPU
		{E6211DF5-DE13-4235-AA5C-C950A6242ECA}.Release|Any CPU.ActiveCfg = Release|Any CPU
		{E6211DF5-DE13-4235-AA5C-C950A6242ECA}.Release|Any CPU.Build.0 = Release|Any CPU
		{8A51A9AB-9FF9-49B3-8888-0431C20E5547}.Debug|Any CPU.ActiveCfg = Debug|Any CPU
		{8A51A9AB-9FF9-49B3-8888-0431C20E5547}.Debug|Any CPU.Build.0 = Debug|Any CPU
		{8A51A9AB-9FF9-49B3-8888-0431C20E5547}.Release|Any CPU.ActiveCfg = Release|Any CPU
		{8A51A9AB-9FF9-49B3-8888-0431C20E5547}.Release|Any CPU.Build.0 = Release|Any CPU
		{4CB3A741-2FED-491A-AA0D-01F2F2577389}.Debug|Any CPU.ActiveCfg = Debug|Any CPU
		{4CB3A741-2FED-491A-AA0D-01F2F2577389}.Debug|Any CPU.Build.0 = Debug|Any CPU
		{4CB3A741-2FED-491A-AA0D-01F2F2577389}.Release|Any CPU.ActiveCfg = Release|Any CPU
		{4CB3A741-2FED-491A-AA0D-01F2F2577389}.Release|Any CPU.Build.0 = Release|Any CPU
		{E2751BF1-0B07-4CF2-B19C-FBA0C0FB0FB9}.Debug|Any CPU.ActiveCfg = Debug|Any CPU
		{E2751BF1-0B07-4CF2-B19C-FBA0C0FB0FB9}.Debug|Any CPU.Build.0 = Debug|Any CPU
		{E2751BF1-0B07-4CF2-B19C-FBA0C0FB0FB9}.Release|Any CPU.ActiveCfg = Release|Any CPU
		{E2751BF1-0B07-4CF2-B19C-FBA0C0FB0FB9}.Release|Any CPU.Build.0 = Release|Any CPU
		{2F11D0F4-35B2-45D7-8966-DF5248DB82D4}.Debug|Any CPU.ActiveCfg = Debug|Any CPU
		{2F11D0F4-35B2-45D7-8966-DF5248DB82D4}.Debug|Any CPU.Build.0 = Debug|Any CPU
		{2F11D0F4-35B2-45D7-8966-DF5248DB82D4}.Release|Any CPU.ActiveCfg = Release|Any CPU
		{2F11D0F4-35B2-45D7-8966-DF5248DB82D4}.Release|Any CPU.Build.0 = Release|Any CPU
		{C29D4822-A879-49FA-9025-880D716782FF}.Debug|Any CPU.ActiveCfg = Debug|Any CPU
		{C29D4822-A879-49FA-9025-880D716782FF}.Debug|Any CPU.Build.0 = Debug|Any CPU
		{C29D4822-A879-49FA-9025-880D716782FF}.Release|Any CPU.ActiveCfg = Release|Any CPU
		{C29D4822-A879-49FA-9025-880D716782FF}.Release|Any CPU.Build.0 = Release|Any CPU
		{AABC96A7-2B2C-4F92-A4CC-D76596DCF0D6}.Debug|Any CPU.ActiveCfg = Debug|Any CPU
		{AABC96A7-2B2C-4F92-A4CC-D76596DCF0D6}.Debug|Any CPU.Build.0 = Debug|Any CPU
		{AABC96A7-2B2C-4F92-A4CC-D76596DCF0D6}.Release|Any CPU.ActiveCfg = Release|Any CPU
		{AABC96A7-2B2C-4F92-A4CC-D76596DCF0D6}.Release|Any CPU.Build.0 = Release|Any CPU
		{162206B2-5BC9-429B-9541-58C76E87CE0F}.Debug|Any CPU.ActiveCfg = Debug|Any CPU
		{162206B2-5BC9-429B-9541-58C76E87CE0F}.Debug|Any CPU.Build.0 = Debug|Any CPU
		{162206B2-5BC9-429B-9541-58C76E87CE0F}.Release|Any CPU.ActiveCfg = Release|Any CPU
		{162206B2-5BC9-429B-9541-58C76E87CE0F}.Release|Any CPU.Build.0 = Release|Any CPU
		{96BF047A-FF3C-410B-B98A-69C143446908}.Debug|Any CPU.ActiveCfg = Debug|Any CPU
		{96BF047A-FF3C-410B-B98A-69C143446908}.Debug|Any CPU.Build.0 = Debug|Any CPU
		{96BF047A-FF3C-410B-B98A-69C143446908}.Release|Any CPU.ActiveCfg = Release|Any CPU
		{96BF047A-FF3C-410B-B98A-69C143446908}.Release|Any CPU.Build.0 = Release|Any CPU
		{370F3C51-4C98-4A2E-BCBE-6DD63DFC3FD7}.Debug|Any CPU.ActiveCfg = Debug|Any CPU
		{370F3C51-4C98-4A2E-BCBE-6DD63DFC3FD7}.Debug|Any CPU.Build.0 = Debug|Any CPU
		{370F3C51-4C98-4A2E-BCBE-6DD63DFC3FD7}.Release|Any CPU.ActiveCfg = Release|Any CPU
		{370F3C51-4C98-4A2E-BCBE-6DD63DFC3FD7}.Release|Any CPU.Build.0 = Release|Any CPU
		{385AE393-5FF3-4254-8B19-82D809599B8C}.Debug|Any CPU.ActiveCfg = Debug|Any CPU
		{385AE393-5FF3-4254-8B19-82D809599B8C}.Debug|Any CPU.Build.0 = Debug|Any CPU
		{385AE393-5FF3-4254-8B19-82D809599B8C}.Release|Any CPU.ActiveCfg = Release|Any CPU
		{385AE393-5FF3-4254-8B19-82D809599B8C}.Release|Any CPU.Build.0 = Release|Any CPU
		{862601BD-765D-4CB1-AD33-DF9034B4FBEE}.Debug|Any CPU.ActiveCfg = Debug|Any CPU
		{862601BD-765D-4CB1-AD33-DF9034B4FBEE}.Debug|Any CPU.Build.0 = Debug|Any CPU
		{862601BD-765D-4CB1-AD33-DF9034B4FBEE}.Release|Any CPU.ActiveCfg = Release|Any CPU
		{862601BD-765D-4CB1-AD33-DF9034B4FBEE}.Release|Any CPU.Build.0 = Release|Any CPU
		{F554ED37-8A49-4604-8C76-FBAC60F24B54}.Debug|Any CPU.ActiveCfg = Debug|Any CPU
		{F554ED37-8A49-4604-8C76-FBAC60F24B54}.Debug|Any CPU.Build.0 = Debug|Any CPU
		{F554ED37-8A49-4604-8C76-FBAC60F24B54}.Release|Any CPU.ActiveCfg = Release|Any CPU
		{F554ED37-8A49-4604-8C76-FBAC60F24B54}.Release|Any CPU.Build.0 = Release|Any CPU
		{6A4BAE0F-C552-480E-B56D-8C5E799F9BFF}.Debug|Any CPU.ActiveCfg = Debug|Any CPU
		{6A4BAE0F-C552-480E-B56D-8C5E799F9BFF}.Debug|Any CPU.Build.0 = Debug|Any CPU
		{6A4BAE0F-C552-480E-B56D-8C5E799F9BFF}.Release|Any CPU.ActiveCfg = Release|Any CPU
		{6A4BAE0F-C552-480E-B56D-8C5E799F9BFF}.Release|Any CPU.Build.0 = Release|Any CPU
		{4A5C52FF-2C9B-47CA-91A7-907722F5204F}.Debug|Any CPU.ActiveCfg = Debug|Any CPU
		{4A5C52FF-2C9B-47CA-91A7-907722F5204F}.Debug|Any CPU.Build.0 = Debug|Any CPU
		{4A5C52FF-2C9B-47CA-91A7-907722F5204F}.Release|Any CPU.ActiveCfg = Release|Any CPU
		{4A5C52FF-2C9B-47CA-91A7-907722F5204F}.Release|Any CPU.Build.0 = Release|Any CPU
		{86A5D369-AA6A-47E5-9B03-2563C56A1E38}.Debug|Any CPU.ActiveCfg = Debug|Any CPU
		{86A5D369-AA6A-47E5-9B03-2563C56A1E38}.Debug|Any CPU.Build.0 = Debug|Any CPU
		{86A5D369-AA6A-47E5-9B03-2563C56A1E38}.Release|Any CPU.ActiveCfg = Release|Any CPU
		{86A5D369-AA6A-47E5-9B03-2563C56A1E38}.Release|Any CPU.Build.0 = Release|Any CPU
		{3FF67031-E91A-499C-9EDD-7E29FCBFD065}.Debug|Any CPU.ActiveCfg = Debug|Any CPU
		{3FF67031-E91A-499C-9EDD-7E29FCBFD065}.Debug|Any CPU.Build.0 = Debug|Any CPU
		{3FF67031-E91A-499C-9EDD-7E29FCBFD065}.Release|Any CPU.ActiveCfg = Release|Any CPU
		{3FF67031-E91A-499C-9EDD-7E29FCBFD065}.Release|Any CPU.Build.0 = Release|Any CPU
		{904F3D56-5426-478A-B0BC-31E153427281}.Debug|Any CPU.ActiveCfg = Debug|Any CPU
		{904F3D56-5426-478A-B0BC-31E153427281}.Debug|Any CPU.Build.0 = Debug|Any CPU
		{904F3D56-5426-478A-B0BC-31E153427281}.Release|Any CPU.ActiveCfg = Release|Any CPU
		{904F3D56-5426-478A-B0BC-31E153427281}.Release|Any CPU.Build.0 = Release|Any CPU
		{E884242F-A1B4-42E9-8D83-FF67B8E08B64}.Debug|Any CPU.ActiveCfg = Debug|Any CPU
		{E884242F-A1B4-42E9-8D83-FF67B8E08B64}.Debug|Any CPU.Build.0 = Debug|Any CPU
		{E884242F-A1B4-42E9-8D83-FF67B8E08B64}.Release|Any CPU.ActiveCfg = Release|Any CPU
		{E884242F-A1B4-42E9-8D83-FF67B8E08B64}.Release|Any CPU.Build.0 = Release|Any CPU
		{3FE91BFF-8B47-42F8-93CB-87F562285322}.Debug|Any CPU.ActiveCfg = Debug|Any CPU
		{3FE91BFF-8B47-42F8-93CB-87F562285322}.Debug|Any CPU.Build.0 = Debug|Any CPU
		{3FE91BFF-8B47-42F8-93CB-87F562285322}.Release|Any CPU.ActiveCfg = Release|Any CPU
		{3FE91BFF-8B47-42F8-93CB-87F562285322}.Release|Any CPU.Build.0 = Release|Any CPU
		{BC85135F-B8EA-406F-BB97-A1AE496EADE7}.Debug|Any CPU.ActiveCfg = Debug|Any CPU
		{BC85135F-B8EA-406F-BB97-A1AE496EADE7}.Debug|Any CPU.Build.0 = Debug|Any CPU
		{BC85135F-B8EA-406F-BB97-A1AE496EADE7}.Release|Any CPU.ActiveCfg = Release|Any CPU
		{BC85135F-B8EA-406F-BB97-A1AE496EADE7}.Release|Any CPU.Build.0 = Release|Any CPU
		{49C42FF1-055B-4D02-B4DB-2AB65633F27A}.Debug|Any CPU.ActiveCfg = Debug|Any CPU
		{49C42FF1-055B-4D02-B4DB-2AB65633F27A}.Debug|Any CPU.Build.0 = Debug|Any CPU
		{49C42FF1-055B-4D02-B4DB-2AB65633F27A}.Release|Any CPU.ActiveCfg = Release|Any CPU
		{49C42FF1-055B-4D02-B4DB-2AB65633F27A}.Release|Any CPU.Build.0 = Release|Any CPU
		{4BFB8526-A11F-4946-9905-7F00EECEF7FF}.Debug|Any CPU.ActiveCfg = Debug|Any CPU
		{4BFB8526-A11F-4946-9905-7F00EECEF7FF}.Debug|Any CPU.Build.0 = Debug|Any CPU
		{4BFB8526-A11F-4946-9905-7F00EECEF7FF}.Release|Any CPU.ActiveCfg = Release|Any CPU
		{4BFB8526-A11F-4946-9905-7F00EECEF7FF}.Release|Any CPU.Build.0 = Release|Any CPU
		{71564D94-DA05-4FCA-985F-E5574EFF2723}.Debug|Any CPU.ActiveCfg = Debug|Any CPU
		{71564D94-DA05-4FCA-985F-E5574EFF2723}.Debug|Any CPU.Build.0 = Debug|Any CPU
		{71564D94-DA05-4FCA-985F-E5574EFF2723}.Release|Any CPU.ActiveCfg = Release|Any CPU
		{71564D94-DA05-4FCA-985F-E5574EFF2723}.Release|Any CPU.Build.0 = Release|Any CPU
		{744C91DA-97BE-4C23-9C86-61A559E52ABE}.Debug|Any CPU.ActiveCfg = Debug|Any CPU
		{744C91DA-97BE-4C23-9C86-61A559E52ABE}.Debug|Any CPU.Build.0 = Debug|Any CPU
		{744C91DA-97BE-4C23-9C86-61A559E52ABE}.Release|Any CPU.ActiveCfg = Release|Any CPU
		{744C91DA-97BE-4C23-9C86-61A559E52ABE}.Release|Any CPU.Build.0 = Release|Any CPU
		{53512DC6-992E-4ABA-9D6D-AAF359BBB319}.Debug|Any CPU.ActiveCfg = Debug|Any CPU
		{53512DC6-992E-4ABA-9D6D-AAF359BBB319}.Debug|Any CPU.Build.0 = Debug|Any CPU
		{53512DC6-992E-4ABA-9D6D-AAF359BBB319}.Release|Any CPU.ActiveCfg = Release|Any CPU
		{53512DC6-992E-4ABA-9D6D-AAF359BBB319}.Release|Any CPU.Build.0 = Release|Any CPU
		{275EC7FD-558A-4920-95E8-EF04AE313C5F}.Debug|Any CPU.ActiveCfg = Debug|Any CPU
		{275EC7FD-558A-4920-95E8-EF04AE313C5F}.Debug|Any CPU.Build.0 = Debug|Any CPU
		{275EC7FD-558A-4920-95E8-EF04AE313C5F}.Release|Any CPU.ActiveCfg = Release|Any CPU
		{275EC7FD-558A-4920-95E8-EF04AE313C5F}.Release|Any CPU.Build.0 = Release|Any CPU
		{831B3337-84AD-4AB0-9312-38444AAF17B0}.Debug|Any CPU.ActiveCfg = Debug|Any CPU
		{831B3337-84AD-4AB0-9312-38444AAF17B0}.Debug|Any CPU.Build.0 = Debug|Any CPU
		{831B3337-84AD-4AB0-9312-38444AAF17B0}.Release|Any CPU.ActiveCfg = Release|Any CPU
		{831B3337-84AD-4AB0-9312-38444AAF17B0}.Release|Any CPU.Build.0 = Release|Any CPU
		{FACEC4B4-B685-4853-98CA-F38587A025C0}.Debug|Any CPU.ActiveCfg = Debug|Any CPU
		{FACEC4B4-B685-4853-98CA-F38587A025C0}.Debug|Any CPU.Build.0 = Debug|Any CPU
		{FACEC4B4-B685-4853-98CA-F38587A025C0}.Release|Any CPU.ActiveCfg = Release|Any CPU
		{FACEC4B4-B685-4853-98CA-F38587A025C0}.Release|Any CPU.Build.0 = Release|Any CPU
		{EB1E9B5C-4A1E-48F7-BE49-0C1D8E2CE84C}.Debug|Any CPU.ActiveCfg = Debug|Any CPU
		{EB1E9B5C-4A1E-48F7-BE49-0C1D8E2CE84C}.Debug|Any CPU.Build.0 = Debug|Any CPU
		{EB1E9B5C-4A1E-48F7-BE49-0C1D8E2CE84C}.Release|Any CPU.ActiveCfg = Release|Any CPU
		{EB1E9B5C-4A1E-48F7-BE49-0C1D8E2CE84C}.Release|Any CPU.Build.0 = Release|Any CPU
		{8F54C23E-1ADE-43A6-A347-EEAD5624C98E}.Debug|Any CPU.ActiveCfg = Debug|Any CPU
		{8F54C23E-1ADE-43A6-A347-EEAD5624C98E}.Debug|Any CPU.Build.0 = Debug|Any CPU
		{8F54C23E-1ADE-43A6-A347-EEAD5624C98E}.Release|Any CPU.ActiveCfg = Release|Any CPU
		{8F54C23E-1ADE-43A6-A347-EEAD5624C98E}.Release|Any CPU.Build.0 = Release|Any CPU
		{C215A734-6153-4164-9819-527E4531A0AD}.Debug|Any CPU.ActiveCfg = Debug|Any CPU
		{C215A734-6153-4164-9819-527E4531A0AD}.Debug|Any CPU.Build.0 = Debug|Any CPU
		{C215A734-6153-4164-9819-527E4531A0AD}.Release|Any CPU.ActiveCfg = Release|Any CPU
		{C215A734-6153-4164-9819-527E4531A0AD}.Release|Any CPU.Build.0 = Release|Any CPU
		{D3042300-76C8-4600-B0B4-8781BAD97D9F}.Debug|Any CPU.ActiveCfg = Debug|Any CPU
		{D3042300-76C8-4600-B0B4-8781BAD97D9F}.Debug|Any CPU.Build.0 = Debug|Any CPU
		{D3042300-76C8-4600-B0B4-8781BAD97D9F}.Release|Any CPU.ActiveCfg = Release|Any CPU
		{D3042300-76C8-4600-B0B4-8781BAD97D9F}.Release|Any CPU.Build.0 = Release|Any CPU
		{D10B46B4-6703-4C16-8510-10F9A094D9DE}.Debug|Any CPU.ActiveCfg = Debug|Any CPU
		{D10B46B4-6703-4C16-8510-10F9A094D9DE}.Debug|Any CPU.Build.0 = Debug|Any CPU
		{D10B46B4-6703-4C16-8510-10F9A094D9DE}.Release|Any CPU.ActiveCfg = Release|Any CPU
		{D10B46B4-6703-4C16-8510-10F9A094D9DE}.Release|Any CPU.Build.0 = Release|Any CPU
		{29551DAF-21B8-4C4D-A765-4F75D1758CB9}.Debug|Any CPU.ActiveCfg = Debug|Any CPU
		{29551DAF-21B8-4C4D-A765-4F75D1758CB9}.Debug|Any CPU.Build.0 = Debug|Any CPU
		{29551DAF-21B8-4C4D-A765-4F75D1758CB9}.Release|Any CPU.ActiveCfg = Release|Any CPU
		{29551DAF-21B8-4C4D-A765-4F75D1758CB9}.Release|Any CPU.Build.0 = Release|Any CPU
		{398AB413-51AA-4973-A5D5-DD584C4F4B6C}.Debug|Any CPU.ActiveCfg = Debug|Any CPU
		{398AB413-51AA-4973-A5D5-DD584C4F4B6C}.Debug|Any CPU.Build.0 = Debug|Any CPU
		{398AB413-51AA-4973-A5D5-DD584C4F4B6C}.Release|Any CPU.ActiveCfg = Release|Any CPU
		{398AB413-51AA-4973-A5D5-DD584C4F4B6C}.Release|Any CPU.Build.0 = Release|Any CPU
		{6144DE5D-1B74-499A-BE64-CE852630E2AE}.Debug|Any CPU.ActiveCfg = Debug|Any CPU
		{6144DE5D-1B74-499A-BE64-CE852630E2AE}.Debug|Any CPU.Build.0 = Debug|Any CPU
		{6144DE5D-1B74-499A-BE64-CE852630E2AE}.Release|Any CPU.ActiveCfg = Release|Any CPU
		{6144DE5D-1B74-499A-BE64-CE852630E2AE}.Release|Any CPU.Build.0 = Release|Any CPU
		{0EF05458-B4A7-435B-A429-100E7A42342E}.Debug|Any CPU.ActiveCfg = Debug|Any CPU
		{0EF05458-B4A7-435B-A429-100E7A42342E}.Debug|Any CPU.Build.0 = Debug|Any CPU
		{0EF05458-B4A7-435B-A429-100E7A42342E}.Release|Any CPU.ActiveCfg = Release|Any CPU
		{0EF05458-B4A7-435B-A429-100E7A42342E}.Release|Any CPU.Build.0 = Release|Any CPU
		{62256D12-8E56-44F9-AE0E-5D6B410E0A31}.Debug|Any CPU.ActiveCfg = Debug|Any CPU
		{62256D12-8E56-44F9-AE0E-5D6B410E0A31}.Debug|Any CPU.Build.0 = Debug|Any CPU
		{62256D12-8E56-44F9-AE0E-5D6B410E0A31}.Release|Any CPU.ActiveCfg = Release|Any CPU
		{62256D12-8E56-44F9-AE0E-5D6B410E0A31}.Release|Any CPU.Build.0 = Release|Any CPU
		{87DFC7EB-A3C8-4A35-B752-ACA3639B9917}.Debug|Any CPU.ActiveCfg = Debug|Any CPU
		{87DFC7EB-A3C8-4A35-B752-ACA3639B9917}.Debug|Any CPU.Build.0 = Debug|Any CPU
		{87DFC7EB-A3C8-4A35-B752-ACA3639B9917}.Release|Any CPU.ActiveCfg = Release|Any CPU
		{87DFC7EB-A3C8-4A35-B752-ACA3639B9917}.Release|Any CPU.Build.0 = Release|Any CPU
	EndGlobalSection
	GlobalSection(SolutionProperties) = preSolution
		HideSolutionNode = FALSE
	EndGlobalSection
	GlobalSection(NestedProjects) = preSolution
		{45BF37A5-A98F-40C9-A990-79F051A3057B} = {D2DA3040-462E-4E0E-9CFE-3EA95FA3D014}
		{4BF53A8A-B344-4C1A-AE24-1FC41E2188E9} = {45BF37A5-A98F-40C9-A990-79F051A3057B}
		{FA933B2A-DC9F-44A0-94C7-C5D2D49C550B} = {45BF37A5-A98F-40C9-A990-79F051A3057B}
		{AA983AFF-9CBC-4F2A-98E3-3CACA5039C61} = {45BF37A5-A98F-40C9-A990-79F051A3057B}
		{5A9735A3-CEE9-4E50-B2FD-54F0BF402002} = {45BF37A5-A98F-40C9-A990-79F051A3057B}
		{1959557F-5EAF-4B1E-BF3F-313AC68EFA49} = {4BF53A8A-B344-4C1A-AE24-1FC41E2188E9}
		{43CC200E-FEBE-44E0-B278-604872254DAA} = {FA933B2A-DC9F-44A0-94C7-C5D2D49C550B}
		{E6204AB7-62EC-41C2-9DEC-7727D3B87B08} = {FA933B2A-DC9F-44A0-94C7-C5D2D49C550B}
		{BE07B798-CBB1-4DA7-B80D-7628F1E67894} = {4BF53A8A-B344-4C1A-AE24-1FC41E2188E9}
		{2F42F417-7296-4791-8582-E824732A803F} = {CC7DC9FC-8CA1-4145-909F-6702A1D2FB08}
		{735CE2B7-2572-4E3F-8B57-C55F9A69448E} = {AA983AFF-9CBC-4F2A-98E3-3CACA5039C61}
		{155E85F0-978B-4916-AB3C-741266DE7BE3} = {AA983AFF-9CBC-4F2A-98E3-3CACA5039C61}
		{8CE66AE1-932A-4E2C-B8E5-4FA627ACA2D7} = {5A9735A3-CEE9-4E50-B2FD-54F0BF402002}
		{B207766E-3CE0-4DF5-B33B-367C9E8AF4EB} = {FA933B2A-DC9F-44A0-94C7-C5D2D49C550B}
		{F0F792F3-8FB6-478F-AA87-CE238038269F} = {3BE1D646-272F-4F96-931E-D1BA781583B4}
		{B6ECE592-7035-4CFD-86A1-152C2ADE0416} = {3BE1D646-272F-4F96-931E-D1BA781583B4}
		{00897BC6-2258-41E6-9246-B9EDB67A225B} = {FA933B2A-DC9F-44A0-94C7-C5D2D49C550B}
		{F92430D4-DCA2-4FDC-B902-FA053BCB8037} = {FA933B2A-DC9F-44A0-94C7-C5D2D49C550B}
		{39624851-E5EB-4607-9D0C-0A9BC8CC24FA} = {D2DA3040-462E-4E0E-9CFE-3EA95FA3D014}
		{0F0CB39E-4E90-4999-9CE3-21C0371915E4} = {FA933B2A-DC9F-44A0-94C7-C5D2D49C550B}
		{43D88290-657A-4D99-BB58-BA5B60B13630} = {AA983AFF-9CBC-4F2A-98E3-3CACA5039C61}
		{E6211DF5-DE13-4235-AA5C-C950A6242ECA} = {39624851-E5EB-4607-9D0C-0A9BC8CC24FA}
		{8A51A9AB-9FF9-49B3-8888-0431C20E5547} = {39624851-E5EB-4607-9D0C-0A9BC8CC24FA}
		{4CB3A741-2FED-491A-AA0D-01F2F2577389} = {FA933B2A-DC9F-44A0-94C7-C5D2D49C550B}
		{E2751BF1-0B07-4CF2-B19C-FBA0C0FB0FB9} = {5A9735A3-CEE9-4E50-B2FD-54F0BF402002}
		{2F11D0F4-35B2-45D7-8966-DF5248DB82D4} = {5A9735A3-CEE9-4E50-B2FD-54F0BF402002}
		{C29D4822-A879-49FA-9025-880D716782FF} = {AA983AFF-9CBC-4F2A-98E3-3CACA5039C61}
		{AABC96A7-2B2C-4F92-A4CC-D76596DCF0D6} = {FA933B2A-DC9F-44A0-94C7-C5D2D49C550B}
		{162206B2-5BC9-429B-9541-58C76E87CE0F} = {5A9735A3-CEE9-4E50-B2FD-54F0BF402002}
		{96BF047A-FF3C-410B-B98A-69C143446908} = {5A9735A3-CEE9-4E50-B2FD-54F0BF402002}
		{370F3C51-4C98-4A2E-BCBE-6DD63DFC3FD7} = {AA983AFF-9CBC-4F2A-98E3-3CACA5039C61}
		{385AE393-5FF3-4254-8B19-82D809599B8C} = {AA983AFF-9CBC-4F2A-98E3-3CACA5039C61}
		{862601BD-765D-4CB1-AD33-DF9034B4FBEE} = {5A9735A3-CEE9-4E50-B2FD-54F0BF402002}
		{F554ED37-8A49-4604-8C76-FBAC60F24B54} = {AA983AFF-9CBC-4F2A-98E3-3CACA5039C61}
		{6A4BAE0F-C552-480E-B56D-8C5E799F9BFF} = {FA933B2A-DC9F-44A0-94C7-C5D2D49C550B}
		{4A5C52FF-2C9B-47CA-91A7-907722F5204F} = {FA933B2A-DC9F-44A0-94C7-C5D2D49C550B}
		{86A5D369-AA6A-47E5-9B03-2563C56A1E38} = {FA933B2A-DC9F-44A0-94C7-C5D2D49C550B}
		{3FF67031-E91A-499C-9EDD-7E29FCBFD065} = {FA933B2A-DC9F-44A0-94C7-C5D2D49C550B}
		{904F3D56-5426-478A-B0BC-31E153427281} = {FA933B2A-DC9F-44A0-94C7-C5D2D49C550B}
		{E884242F-A1B4-42E9-8D83-FF67B8E08B64} = {FA933B2A-DC9F-44A0-94C7-C5D2D49C550B}
		{7BB19707-E9C5-4FF6-B4D9-8464CF328CC0} = {D2DA3040-462E-4E0E-9CFE-3EA95FA3D014}
		{3FE91BFF-8B47-42F8-93CB-87F562285322} = {7BB19707-E9C5-4FF6-B4D9-8464CF328CC0}
		{BC85135F-B8EA-406F-BB97-A1AE496EADE7} = {7BB19707-E9C5-4FF6-B4D9-8464CF328CC0}
		{49C42FF1-055B-4D02-B4DB-2AB65633F27A} = {7BB19707-E9C5-4FF6-B4D9-8464CF328CC0}
		{4BFB8526-A11F-4946-9905-7F00EECEF7FF} = {AA983AFF-9CBC-4F2A-98E3-3CACA5039C61}
		{71564D94-DA05-4FCA-985F-E5574EFF2723} = {5A9735A3-CEE9-4E50-B2FD-54F0BF402002}
		{1ED57683-8967-462C-A901-F121DCAD4DC1} = {D2DA3040-462E-4E0E-9CFE-3EA95FA3D014}
		{744C91DA-97BE-4C23-9C86-61A559E52ABE} = {7BB19707-E9C5-4FF6-B4D9-8464CF328CC0}
		{53512DC6-992E-4ABA-9D6D-AAF359BBB319} = {FA933B2A-DC9F-44A0-94C7-C5D2D49C550B}
		{275EC7FD-558A-4920-95E8-EF04AE313C5F} = {FA933B2A-DC9F-44A0-94C7-C5D2D49C550B}
		{831B3337-84AD-4AB0-9312-38444AAF17B0} = {FA933B2A-DC9F-44A0-94C7-C5D2D49C550B}
		{FACEC4B4-B685-4853-98CA-F38587A025C0} = {FA933B2A-DC9F-44A0-94C7-C5D2D49C550B}
		{EB1E9B5C-4A1E-48F7-BE49-0C1D8E2CE84C} = {FA933B2A-DC9F-44A0-94C7-C5D2D49C550B}
		{8F54C23E-1ADE-43A6-A347-EEAD5624C98E} = {FA933B2A-DC9F-44A0-94C7-C5D2D49C550B}
		{C215A734-6153-4164-9819-527E4531A0AD} = {FA933B2A-DC9F-44A0-94C7-C5D2D49C550B}
		{D3042300-76C8-4600-B0B4-8781BAD97D9F} = {FA933B2A-DC9F-44A0-94C7-C5D2D49C550B}
		{D10B46B4-6703-4C16-8510-10F9A094D9DE} = {1ED57683-8967-462C-A901-F121DCAD4DC1}
		{29551DAF-21B8-4C4D-A765-4F75D1758CB9} = {3D11F14C-AF25-4D09-8182-568B18EB78FC}
		{3D11F14C-AF25-4D09-8182-568B18EB78FC} = {45BF37A5-A98F-40C9-A990-79F051A3057B}
		{398AB413-51AA-4973-A5D5-DD584C4F4B6C} = {5A9735A3-CEE9-4E50-B2FD-54F0BF402002}
		{6144DE5D-1B74-499A-BE64-CE852630E2AE} = {FA933B2A-DC9F-44A0-94C7-C5D2D49C550B}
		{0EF05458-B4A7-435B-A429-100E7A42342E} = {7BB19707-E9C5-4FF6-B4D9-8464CF328CC0}
		{62256D12-8E56-44F9-AE0E-5D6B410E0A31} = {5A9735A3-CEE9-4E50-B2FD-54F0BF402002}
		{87DFC7EB-A3C8-4A35-B752-ACA3639B9917} = {AA983AFF-9CBC-4F2A-98E3-3CACA5039C61}
	EndGlobalSection
	GlobalSection(ExtensibilityGlobals) = postSolution
		SolutionGuid = {09CBB595-8996-4C7F-9C48-4C58AD9293AC}
	EndGlobalSection
EndGlobal
